// !$*UTF8*$!
{
	archiveVersion = 1;
	classes = {
	};
	objectVersion = 55;
	objects = {

/* Begin PBXBuildFile section */
		FDADC26F276A40D100938E57 /* DetailedExchangeViewModel.swift in Sources */ = {isa = PBXBuildFile; fileRef = FDADC26E276A40D100938E57 /* DetailedExchangeViewModel.swift */; };
		FDADC271276A444700938E57 /* Double+Extension.swift in Sources */ = {isa = PBXBuildFile; fileRef = FDADC270276A444700938E57 /* Double+Extension.swift */; };
		FDADC273276A446C00938E57 /* View+Extension.swift in Sources */ = {isa = PBXBuildFile; fileRef = FDADC272276A446C00938E57 /* View+Extension.swift */; };
		FDADC277276AF26700938E57 /* DetailedExchangeView.swift in Sources */ = {isa = PBXBuildFile; fileRef = FDADC276276AF26700938E57 /* DetailedExchangeView.swift */; };
		FDADC27C276AFD0F00938E57 /* CurrenciesViewModel.swift in Sources */ = {isa = PBXBuildFile; fileRef = FDADC27B276AFD0F00938E57 /* CurrenciesViewModel.swift */; };
		FDADC27E276AFD2C00938E57 /* DetailedCurrencyView.swift in Sources */ = {isa = PBXBuildFile; fileRef = FDADC27D276AFD2C00938E57 /* DetailedCurrencyView.swift */; };
		FDADC280276AFD3B00938E57 /* DetailedCurrencyViewModel.swift in Sources */ = {isa = PBXBuildFile; fileRef = FDADC27F276AFD3B00938E57 /* DetailedCurrencyViewModel.swift */; };
		FDADC282276B1DD400938E57 /* MarketsForExchangeSectionView.swift in Sources */ = {isa = PBXBuildFile; fileRef = FDADC281276B1DD400938E57 /* MarketsForExchangeSectionView.swift */; };
		FDADC284276B1DF000938E57 /* MarketsForExchangeSectionViewModel.swift in Sources */ = {isa = PBXBuildFile; fileRef = FDADC283276B1DEF00938E57 /* MarketsForExchangeSectionViewModel.swift */; };
		FDADC287276B1E5C00938E57 /* MarketForExchangeDetailedViewModel.swift in Sources */ = {isa = PBXBuildFile; fileRef = FDADC286276B1E5C00938E57 /* MarketForExchangeDetailedViewModel.swift */; };
		FDADC28B276B2A4900938E57 /* MarketForExchangeDetailedView.swift in Sources */ = {isa = PBXBuildFile; fileRef = FDADC28A276B2A4900938E57 /* MarketForExchangeDetailedView.swift */; };
		FDADC28E276B5C8200938E57 /* MarketsForCurrencySectionView.swift in Sources */ = {isa = PBXBuildFile; fileRef = FDADC28D276B5C8200938E57 /* MarketsForCurrencySectionView.swift */; };
		FDADC290276B5C9400938E57 /* MarketsForCurrencySectionViewModel.swift in Sources */ = {isa = PBXBuildFile; fileRef = FDADC28F276B5C9400938E57 /* MarketsForCurrencySectionViewModel.swift */; };
		FDADC292276B5CCF00938E57 /* MarketForCurrencyDetailedViewModel.swift in Sources */ = {isa = PBXBuildFile; fileRef = FDADC291276B5CCF00938E57 /* MarketForCurrencyDetailedViewModel.swift */; };
		FDADC294276B5CE800938E57 /* MarketForCurrencyDetailedView.swift in Sources */ = {isa = PBXBuildFile; fileRef = FDADC293276B5CE800938E57 /* MarketForCurrencyDetailedView.swift */; };
		FDADC297276C63FE00938E57 /* SectionHeaderView.swift in Sources */ = {isa = PBXBuildFile; fileRef = FDADC296276C63FE00938E57 /* SectionHeaderView.swift */; };
		FDDBB8EC276A39E400B17DE0 /* CryptoInPocketApp.swift in Sources */ = {isa = PBXBuildFile; fileRef = FDDBB8EB276A39E400B17DE0 /* CryptoInPocketApp.swift */; };
		FDDBB8F0276A39E700B17DE0 /* Assets.xcassets in Resources */ = {isa = PBXBuildFile; fileRef = FDDBB8EF276A39E700B17DE0 /* Assets.xcassets */; };
		FDDBB8F3276A39E700B17DE0 /* Preview Assets.xcassets in Resources */ = {isa = PBXBuildFile; fileRef = FDDBB8F2276A39E700B17DE0 /* Preview Assets.xcassets */; };
		FDDBB8FD276A39E700B17DE0 /* CryptoInPocketTests.swift in Sources */ = {isa = PBXBuildFile; fileRef = FDDBB8FC276A39E700B17DE0 /* CryptoInPocketTests.swift */; };
		FDDBB907276A39E700B17DE0 /* CryptoInPocketUITests.swift in Sources */ = {isa = PBXBuildFile; fileRef = FDDBB906276A39E700B17DE0 /* CryptoInPocketUITests.swift */; };
		FDDBB909276A39E700B17DE0 /* CryptoInPocketUITestsLaunchTests.swift in Sources */ = {isa = PBXBuildFile; fileRef = FDDBB908276A39E700B17DE0 /* CryptoInPocketUITestsLaunchTests.swift */; };
		FDDBB916276A3A1100B17DE0 /* MainView.swift in Sources */ = {isa = PBXBuildFile; fileRef = FDDBB915276A3A1100B17DE0 /* MainView.swift */; };
		FDDBB918276A3A3100B17DE0 /* ExchangesView.swift in Sources */ = {isa = PBXBuildFile; fileRef = FDDBB917276A3A3100B17DE0 /* ExchangesView.swift */; };
		FDDBB91A276A3A3C00B17DE0 /* CurrenciesView.swift in Sources */ = {isa = PBXBuildFile; fileRef = FDDBB919276A3A3C00B17DE0 /* CurrenciesView.swift */; };
		FDDBB91C276A3A4E00B17DE0 /* FavoritesView.swift in Sources */ = {isa = PBXBuildFile; fileRef = FDDBB91B276A3A4E00B17DE0 /* FavoritesView.swift */; };
		FDDBB91F276A3AF300B17DE0 /* UserData.swift in Sources */ = {isa = PBXBuildFile; fileRef = FDDBB91E276A3AF300B17DE0 /* UserData.swift */; };
		FDDBB921276A3B3A00B17DE0 /* Market.swift in Sources */ = {isa = PBXBuildFile; fileRef = FDDBB920276A3B3A00B17DE0 /* Market.swift */; };
		FDDBB923276A3B9B00B17DE0 /* Exchange.swift in Sources */ = {isa = PBXBuildFile; fileRef = FDDBB922276A3B9B00B17DE0 /* Exchange.swift */; };
		FDDBB925276A3BCB00B17DE0 /* Currency.swift in Sources */ = {isa = PBXBuildFile; fileRef = FDDBB924276A3BCB00B17DE0 /* Currency.swift */; };
		FDDBB92C276A3D6700B17DE0 /* NetworkManagerAsync.swift in Sources */ = {isa = PBXBuildFile; fileRef = FDDBB92B276A3D6700B17DE0 /* NetworkManagerAsync.swift */; };
		FDDBB92F276A3EFA00B17DE0 /* ExchangesViewModel.swift in Sources */ = {isa = PBXBuildFile; fileRef = FDDBB92E276A3EFA00B17DE0 /* ExchangesViewModel.swift */; };
/* End PBXBuildFile section */

/* Begin PBXContainerItemProxy section */
		FDDBB8F9276A39E700B17DE0 /* PBXContainerItemProxy */ = {
			isa = PBXContainerItemProxy;
			containerPortal = FDDBB8E0276A39E400B17DE0 /* Project object */;
			proxyType = 1;
			remoteGlobalIDString = FDDBB8E7276A39E400B17DE0;
			remoteInfo = CryptoInPocket;
		};
		FDDBB903276A39E700B17DE0 /* PBXContainerItemProxy */ = {
			isa = PBXContainerItemProxy;
			containerPortal = FDDBB8E0276A39E400B17DE0 /* Project object */;
			proxyType = 1;
			remoteGlobalIDString = FDDBB8E7276A39E400B17DE0;
			remoteInfo = CryptoInPocket;
		};
/* End PBXContainerItemProxy section */

/* Begin PBXFileReference section */
		FDADC26E276A40D100938E57 /* DetailedExchangeViewModel.swift */ = {isa = PBXFileReference; lastKnownFileType = sourcecode.swift; path = DetailedExchangeViewModel.swift; sourceTree = "<group>"; };
		FDADC270276A444700938E57 /* Double+Extension.swift */ = {isa = PBXFileReference; lastKnownFileType = sourcecode.swift; path = "Double+Extension.swift"; sourceTree = "<group>"; };
		FDADC272276A446C00938E57 /* View+Extension.swift */ = {isa = PBXFileReference; lastKnownFileType = sourcecode.swift; path = "View+Extension.swift"; sourceTree = "<group>"; };
		FDADC276276AF26700938E57 /* DetailedExchangeView.swift */ = {isa = PBXFileReference; lastKnownFileType = sourcecode.swift; path = DetailedExchangeView.swift; sourceTree = "<group>"; };
		FDADC27B276AFD0F00938E57 /* CurrenciesViewModel.swift */ = {isa = PBXFileReference; lastKnownFileType = sourcecode.swift; path = CurrenciesViewModel.swift; sourceTree = "<group>"; };
		FDADC27D276AFD2C00938E57 /* DetailedCurrencyView.swift */ = {isa = PBXFileReference; lastKnownFileType = sourcecode.swift; path = DetailedCurrencyView.swift; sourceTree = "<group>"; };
		FDADC27F276AFD3B00938E57 /* DetailedCurrencyViewModel.swift */ = {isa = PBXFileReference; lastKnownFileType = sourcecode.swift; path = DetailedCurrencyViewModel.swift; sourceTree = "<group>"; };
		FDADC281276B1DD400938E57 /* MarketsForExchangeSectionView.swift */ = {isa = PBXFileReference; lastKnownFileType = sourcecode.swift; path = MarketsForExchangeSectionView.swift; sourceTree = "<group>"; };
		FDADC283276B1DEF00938E57 /* MarketsForExchangeSectionViewModel.swift */ = {isa = PBXFileReference; lastKnownFileType = sourcecode.swift; path = MarketsForExchangeSectionViewModel.swift; sourceTree = "<group>"; };
		FDADC286276B1E5C00938E57 /* MarketForExchangeDetailedViewModel.swift */ = {isa = PBXFileReference; lastKnownFileType = sourcecode.swift; path = MarketForExchangeDetailedViewModel.swift; sourceTree = "<group>"; };
		FDADC28A276B2A4900938E57 /* MarketForExchangeDetailedView.swift */ = {isa = PBXFileReference; lastKnownFileType = sourcecode.swift; path = MarketForExchangeDetailedView.swift; sourceTree = "<group>"; };
		FDADC28D276B5C8200938E57 /* MarketsForCurrencySectionView.swift */ = {isa = PBXFileReference; lastKnownFileType = sourcecode.swift; path = MarketsForCurrencySectionView.swift; sourceTree = "<group>"; };
		FDADC28F276B5C9400938E57 /* MarketsForCurrencySectionViewModel.swift */ = {isa = PBXFileReference; lastKnownFileType = sourcecode.swift; path = MarketsForCurrencySectionViewModel.swift; sourceTree = "<group>"; };
		FDADC291276B5CCF00938E57 /* MarketForCurrencyDetailedViewModel.swift */ = {isa = PBXFileReference; lastKnownFileType = sourcecode.swift; path = MarketForCurrencyDetailedViewModel.swift; sourceTree = "<group>"; };
		FDADC293276B5CE800938E57 /* MarketForCurrencyDetailedView.swift */ = {isa = PBXFileReference; lastKnownFileType = sourcecode.swift; path = MarketForCurrencyDetailedView.swift; sourceTree = "<group>"; };
		FDADC296276C63FE00938E57 /* SectionHeaderView.swift */ = {isa = PBXFileReference; lastKnownFileType = sourcecode.swift; path = SectionHeaderView.swift; sourceTree = "<group>"; };
		FDDBB8E8276A39E400B17DE0 /* CryptoInPocket.app */ = {isa = PBXFileReference; explicitFileType = wrapper.application; includeInIndex = 0; path = CryptoInPocket.app; sourceTree = BUILT_PRODUCTS_DIR; };
		FDDBB8EB276A39E400B17DE0 /* CryptoInPocketApp.swift */ = {isa = PBXFileReference; lastKnownFileType = sourcecode.swift; path = CryptoInPocketApp.swift; sourceTree = "<group>"; };
		FDDBB8EF276A39E700B17DE0 /* Assets.xcassets */ = {isa = PBXFileReference; lastKnownFileType = folder.assetcatalog; path = Assets.xcassets; sourceTree = "<group>"; };
		FDDBB8F2276A39E700B17DE0 /* Preview Assets.xcassets */ = {isa = PBXFileReference; lastKnownFileType = folder.assetcatalog; path = "Preview Assets.xcassets"; sourceTree = "<group>"; };
		FDDBB8F8276A39E700B17DE0 /* CryptoInPocketTests.xctest */ = {isa = PBXFileReference; explicitFileType = wrapper.cfbundle; includeInIndex = 0; path = CryptoInPocketTests.xctest; sourceTree = BUILT_PRODUCTS_DIR; };
		FDDBB8FC276A39E700B17DE0 /* CryptoInPocketTests.swift */ = {isa = PBXFileReference; lastKnownFileType = sourcecode.swift; path = CryptoInPocketTests.swift; sourceTree = "<group>"; };
		FDDBB902276A39E700B17DE0 /* CryptoInPocketUITests.xctest */ = {isa = PBXFileReference; explicitFileType = wrapper.cfbundle; includeInIndex = 0; path = CryptoInPocketUITests.xctest; sourceTree = BUILT_PRODUCTS_DIR; };
		FDDBB906276A39E700B17DE0 /* CryptoInPocketUITests.swift */ = {isa = PBXFileReference; lastKnownFileType = sourcecode.swift; path = CryptoInPocketUITests.swift; sourceTree = "<group>"; };
		FDDBB908276A39E700B17DE0 /* CryptoInPocketUITestsLaunchTests.swift */ = {isa = PBXFileReference; lastKnownFileType = sourcecode.swift; path = CryptoInPocketUITestsLaunchTests.swift; sourceTree = "<group>"; };
		FDDBB915276A3A1100B17DE0 /* MainView.swift */ = {isa = PBXFileReference; lastKnownFileType = sourcecode.swift; path = MainView.swift; sourceTree = "<group>"; };
		FDDBB917276A3A3100B17DE0 /* ExchangesView.swift */ = {isa = PBXFileReference; lastKnownFileType = sourcecode.swift; path = ExchangesView.swift; sourceTree = "<group>"; };
		FDDBB919276A3A3C00B17DE0 /* CurrenciesView.swift */ = {isa = PBXFileReference; lastKnownFileType = sourcecode.swift; path = CurrenciesView.swift; sourceTree = "<group>"; };
		FDDBB91B276A3A4E00B17DE0 /* FavoritesView.swift */ = {isa = PBXFileReference; lastKnownFileType = sourcecode.swift; path = FavoritesView.swift; sourceTree = "<group>"; };
		FDDBB91E276A3AF300B17DE0 /* UserData.swift */ = {isa = PBXFileReference; lastKnownFileType = sourcecode.swift; path = UserData.swift; sourceTree = "<group>"; };
		FDDBB920276A3B3A00B17DE0 /* Market.swift */ = {isa = PBXFileReference; lastKnownFileType = sourcecode.swift; path = Market.swift; sourceTree = "<group>"; };
		FDDBB922276A3B9B00B17DE0 /* Exchange.swift */ = {isa = PBXFileReference; lastKnownFileType = sourcecode.swift; path = Exchange.swift; sourceTree = "<group>"; };
		FDDBB924276A3BCB00B17DE0 /* Currency.swift */ = {isa = PBXFileReference; lastKnownFileType = sourcecode.swift; path = Currency.swift; sourceTree = "<group>"; };
		FDDBB92B276A3D6700B17DE0 /* NetworkManagerAsync.swift */ = {isa = PBXFileReference; lastKnownFileType = sourcecode.swift; path = NetworkManagerAsync.swift; sourceTree = "<group>"; };
		FDDBB92E276A3EFA00B17DE0 /* ExchangesViewModel.swift */ = {isa = PBXFileReference; lastKnownFileType = sourcecode.swift; path = ExchangesViewModel.swift; sourceTree = "<group>"; };
/* End PBXFileReference section */

/* Begin PBXFrameworksBuildPhase section */
		FDDBB8E5276A39E400B17DE0 /* Frameworks */ = {
			isa = PBXFrameworksBuildPhase;
			buildActionMask = 2147483647;
			files = (
			);
			runOnlyForDeploymentPostprocessing = 0;
		};
		FDDBB8F5276A39E700B17DE0 /* Frameworks */ = {
			isa = PBXFrameworksBuildPhase;
			buildActionMask = 2147483647;
			files = (
			);
			runOnlyForDeploymentPostprocessing = 0;
		};
		FDDBB8FF276A39E700B17DE0 /* Frameworks */ = {
			isa = PBXFrameworksBuildPhase;
			buildActionMask = 2147483647;
			files = (
			);
			runOnlyForDeploymentPostprocessing = 0;
		};
/* End PBXFrameworksBuildPhase section */

/* Begin PBXGroup section */
		FDADC274276A448300938E57 /* Extensions */ = {
			isa = PBXGroup;
			children = (
				FDADC270276A444700938E57 /* Double+Extension.swift */,
				FDADC272276A446C00938E57 /* View+Extension.swift */,
			);
			path = Extensions;
			sourceTree = "<group>";
		};
		FDADC275276AF22100938E57 /* Exchanges */ = {
			isa = PBXGroup;
			children = (
				FDDBB917276A3A3100B17DE0 /* ExchangesView.swift */,
				FDDBB92E276A3EFA00B17DE0 /* ExchangesViewModel.swift */,
				FDADC276276AF26700938E57 /* DetailedExchangeView.swift */,
				FDADC26E276A40D100938E57 /* DetailedExchangeViewModel.swift */,
			);
			path = Exchanges;
			sourceTree = "<group>";
		};
		FDADC278276AF67600938E57 /* Currencies */ = {
			isa = PBXGroup;
			children = (
				FDDBB919276A3A3C00B17DE0 /* CurrenciesView.swift */,
				FDADC27B276AFD0F00938E57 /* CurrenciesViewModel.swift */,
				FDADC27D276AFD2C00938E57 /* DetailedCurrencyView.swift */,
				FDADC27F276AFD3B00938E57 /* DetailedCurrencyViewModel.swift */,
			);
			path = Currencies;
			sourceTree = "<group>";
		};
		FDADC285276B1DF600938E57 /* Markets */ = {
			isa = PBXGroup;
			children = (
				FDADC296276C63FE00938E57 /* SectionHeaderView.swift */,
				FDADC295276B5D1000938E57 /* Currency */,
				FDADC28C276B5C5500938E57 /* Exchange */,
			);
			path = Markets;
			sourceTree = "<group>";
		};
		FDADC28C276B5C5500938E57 /* Exchange */ = {
			isa = PBXGroup;
			children = (
				FDADC281276B1DD400938E57 /* MarketsForExchangeSectionView.swift */,
				FDADC283276B1DEF00938E57 /* MarketsForExchangeSectionViewModel.swift */,
				FDADC28A276B2A4900938E57 /* MarketForExchangeDetailedView.swift */,
				FDADC286276B1E5C00938E57 /* MarketForExchangeDetailedViewModel.swift */,
			);
			path = Exchange;
			sourceTree = "<group>";
		};
		FDADC295276B5D1000938E57 /* Currency */ = {
			isa = PBXGroup;
			children = (
				FDADC28D276B5C8200938E57 /* MarketsForCurrencySectionView.swift */,
				FDADC28F276B5C9400938E57 /* MarketsForCurrencySectionViewModel.swift */,
				FDADC293276B5CE800938E57 /* MarketForCurrencyDetailedView.swift */,
				FDADC291276B5CCF00938E57 /* MarketForCurrencyDetailedViewModel.swift */,
			);
			path = Currency;
			sourceTree = "<group>";
		};
		FDDBB8DF276A39E400B17DE0 = {
			isa = PBXGroup;
			children = (
				FDDBB8EA276A39E400B17DE0 /* CryptoInPocket */,
				FDDBB8FB276A39E700B17DE0 /* CryptoInPocketTests */,
				FDDBB905276A39E700B17DE0 /* CryptoInPocketUITests */,
				FDDBB8E9276A39E400B17DE0 /* Products */,
			);
			sourceTree = "<group>";
		};
		FDDBB8E9276A39E400B17DE0 /* Products */ = {
			isa = PBXGroup;
			children = (
				FDDBB8E8276A39E400B17DE0 /* CryptoInPocket.app */,
				FDDBB8F8276A39E700B17DE0 /* CryptoInPocketTests.xctest */,
				FDDBB902276A39E700B17DE0 /* CryptoInPocketUITests.xctest */,
			);
			name = Products;
			sourceTree = "<group>";
		};
		FDDBB8EA276A39E400B17DE0 /* CryptoInPocket */ = {
			isa = PBXGroup;
			children = (
				FDDBB8EB276A39E400B17DE0 /* CryptoInPocketApp.swift */,
				FDDBB926276A3C8B00B17DE0 /* Models */,
				FDDBB91D276A3ACB00B17DE0 /* Views */,
				FDDBB92D276A3E0700B17DE0 /* Services */,
				FDADC274276A448300938E57 /* Extensions */,
				FDDBB8EF276A39E700B17DE0 /* Assets.xcassets */,
				FDDBB8F1276A39E700B17DE0 /* Preview Content */,
			);
			path = CryptoInPocket;
			sourceTree = "<group>";
		};
		FDDBB8F1276A39E700B17DE0 /* Preview Content */ = {
			isa = PBXGroup;
			children = (
				FDDBB8F2276A39E700B17DE0 /* Preview Assets.xcassets */,
			);
			path = "Preview Content";
			sourceTree = "<group>";
		};
		FDDBB8FB276A39E700B17DE0 /* CryptoInPocketTests */ = {
			isa = PBXGroup;
			children = (
				FDDBB8FC276A39E700B17DE0 /* CryptoInPocketTests.swift */,
			);
			path = CryptoInPocketTests;
			sourceTree = "<group>";
		};
		FDDBB905276A39E700B17DE0 /* CryptoInPocketUITests */ = {
			isa = PBXGroup;
			children = (
				FDDBB906276A39E700B17DE0 /* CryptoInPocketUITests.swift */,
				FDDBB908276A39E700B17DE0 /* CryptoInPocketUITestsLaunchTests.swift */,
			);
			path = CryptoInPocketUITests;
			sourceTree = "<group>";
		};
		FDDBB91D276A3ACB00B17DE0 /* Views */ = {
			isa = PBXGroup;
			children = (
				FDDBB915276A3A1100B17DE0 /* MainView.swift */,
				FDADC285276B1DF600938E57 /* Markets */,
				FDADC275276AF22100938E57 /* Exchanges */,
				FDADC278276AF67600938E57 /* Currencies */,
				FDDBB91B276A3A4E00B17DE0 /* FavoritesView.swift */,
			);
			path = Views;
			sourceTree = "<group>";
		};
		FDDBB926276A3C8B00B17DE0 /* Models */ = {
			isa = PBXGroup;
			children = (
				FDDBB928276A3CA500B17DE0 /* App Models */,
				FDDBB927276A3C9600B17DE0 /* API Models */,
			);
			path = Models;
			sourceTree = "<group>";
		};
		FDDBB927276A3C9600B17DE0 /* API Models */ = {
			isa = PBXGroup;
			children = (
				FDDBB920276A3B3A00B17DE0 /* Market.swift */,
				FDDBB922276A3B9B00B17DE0 /* Exchange.swift */,
				FDDBB924276A3BCB00B17DE0 /* Currency.swift */,
			);
			path = "API Models";
			sourceTree = "<group>";
		};
		FDDBB928276A3CA500B17DE0 /* App Models */ = {
			isa = PBXGroup;
			children = (
				FDDBB91E276A3AF300B17DE0 /* UserData.swift */,
			);
			path = "App Models";
			sourceTree = "<group>";
		};
		FDDBB92D276A3E0700B17DE0 /* Services */ = {
			isa = PBXGroup;
			children = (
				FDDBB92B276A3D6700B17DE0 /* NetworkManagerAsync.swift */,
			);
			path = Services;
			sourceTree = "<group>";
		};
/* End PBXGroup section */

/* Begin PBXNativeTarget section */
		FDDBB8E7276A39E400B17DE0 /* CryptoInPocket */ = {
			isa = PBXNativeTarget;
			buildConfigurationList = FDDBB90C276A39E700B17DE0 /* Build configuration list for PBXNativeTarget "CryptoInPocket" */;
			buildPhases = (
				FDDBB8E4276A39E400B17DE0 /* Sources */,
				FDDBB8E5276A39E400B17DE0 /* Frameworks */,
				FDDBB8E6276A39E400B17DE0 /* Resources */,
			);
			buildRules = (
			);
			dependencies = (
			);
			name = CryptoInPocket;
			productName = CryptoInPocket;
			productReference = FDDBB8E8276A39E400B17DE0 /* CryptoInPocket.app */;
			productType = "com.apple.product-type.application";
		};
		FDDBB8F7276A39E700B17DE0 /* CryptoInPocketTests */ = {
			isa = PBXNativeTarget;
			buildConfigurationList = FDDBB90F276A39E700B17DE0 /* Build configuration list for PBXNativeTarget "CryptoInPocketTests" */;
			buildPhases = (
				FDDBB8F4276A39E700B17DE0 /* Sources */,
				FDDBB8F5276A39E700B17DE0 /* Frameworks */,
				FDDBB8F6276A39E700B17DE0 /* Resources */,
			);
			buildRules = (
			);
			dependencies = (
				FDDBB8FA276A39E700B17DE0 /* PBXTargetDependency */,
			);
			name = CryptoInPocketTests;
			productName = CryptoInPocketTests;
			productReference = FDDBB8F8276A39E700B17DE0 /* CryptoInPocketTests.xctest */;
			productType = "com.apple.product-type.bundle.unit-test";
		};
		FDDBB901276A39E700B17DE0 /* CryptoInPocketUITests */ = {
			isa = PBXNativeTarget;
			buildConfigurationList = FDDBB912276A39E700B17DE0 /* Build configuration list for PBXNativeTarget "CryptoInPocketUITests" */;
			buildPhases = (
				FDDBB8FE276A39E700B17DE0 /* Sources */,
				FDDBB8FF276A39E700B17DE0 /* Frameworks */,
				FDDBB900276A39E700B17DE0 /* Resources */,
			);
			buildRules = (
			);
			dependencies = (
				FDDBB904276A39E700B17DE0 /* PBXTargetDependency */,
			);
			name = CryptoInPocketUITests;
			productName = CryptoInPocketUITests;
			productReference = FDDBB902276A39E700B17DE0 /* CryptoInPocketUITests.xctest */;
			productType = "com.apple.product-type.bundle.ui-testing";
		};
/* End PBXNativeTarget section */

/* Begin PBXProject section */
		FDDBB8E0276A39E400B17DE0 /* Project object */ = {
			isa = PBXProject;
			attributes = {
				BuildIndependentTargetsInParallel = 1;
				LastSwiftUpdateCheck = 1320;
				LastUpgradeCheck = 1320;
				TargetAttributes = {
					FDDBB8E7276A39E400B17DE0 = {
						CreatedOnToolsVersion = 13.2;
					};
					FDDBB8F7276A39E700B17DE0 = {
						CreatedOnToolsVersion = 13.2;
						TestTargetID = FDDBB8E7276A39E400B17DE0;
					};
					FDDBB901276A39E700B17DE0 = {
						CreatedOnToolsVersion = 13.2;
						TestTargetID = FDDBB8E7276A39E400B17DE0;
					};
				};
			};
			buildConfigurationList = FDDBB8E3276A39E400B17DE0 /* Build configuration list for PBXProject "CryptoInPocket" */;
			compatibilityVersion = "Xcode 13.0";
			developmentRegion = en;
			hasScannedForEncodings = 0;
			knownRegions = (
				en,
				Base,
			);
			mainGroup = FDDBB8DF276A39E400B17DE0;
			productRefGroup = FDDBB8E9276A39E400B17DE0 /* Products */;
			projectDirPath = "";
			projectRoot = "";
			targets = (
				FDDBB8E7276A39E400B17DE0 /* CryptoInPocket */,
				FDDBB8F7276A39E700B17DE0 /* CryptoInPocketTests */,
				FDDBB901276A39E700B17DE0 /* CryptoInPocketUITests */,
			);
		};
/* End PBXProject section */

/* Begin PBXResourcesBuildPhase section */
		FDDBB8E6276A39E400B17DE0 /* Resources */ = {
			isa = PBXResourcesBuildPhase;
			buildActionMask = 2147483647;
			files = (
				FDDBB8F3276A39E700B17DE0 /* Preview Assets.xcassets in Resources */,
				FDDBB8F0276A39E700B17DE0 /* Assets.xcassets in Resources */,
			);
			runOnlyForDeploymentPostprocessing = 0;
		};
		FDDBB8F6276A39E700B17DE0 /* Resources */ = {
			isa = PBXResourcesBuildPhase;
			buildActionMask = 2147483647;
			files = (
			);
			runOnlyForDeploymentPostprocessing = 0;
		};
		FDDBB900276A39E700B17DE0 /* Resources */ = {
			isa = PBXResourcesBuildPhase;
			buildActionMask = 2147483647;
			files = (
			);
			runOnlyForDeploymentPostprocessing = 0;
		};
/* End PBXResourcesBuildPhase section */

/* Begin PBXSourcesBuildPhase section */
		FDDBB8E4276A39E400B17DE0 /* Sources */ = {
			isa = PBXSourcesBuildPhase;
			buildActionMask = 2147483647;
			files = (
				FDADC284276B1DF000938E57 /* MarketsForExchangeSectionViewModel.swift in Sources */,
				FDADC294276B5CE800938E57 /* MarketForCurrencyDetailedView.swift in Sources */,
				FDADC290276B5C9400938E57 /* MarketsForCurrencySectionViewModel.swift in Sources */,
				FDDBB925276A3BCB00B17DE0 /* Currency.swift in Sources */,
				FDADC297276C63FE00938E57 /* SectionHeaderView.swift in Sources */,
				FDADC26F276A40D100938E57 /* DetailedExchangeViewModel.swift in Sources */,
				FDADC271276A444700938E57 /* Double+Extension.swift in Sources */,
				FDADC280276AFD3B00938E57 /* DetailedCurrencyViewModel.swift in Sources */,
				FDADC277276AF26700938E57 /* DetailedExchangeView.swift in Sources */,
				FDDBB92F276A3EFA00B17DE0 /* ExchangesViewModel.swift in Sources */,
				FDADC28B276B2A4900938E57 /* MarketForExchangeDetailedView.swift in Sources */,
				FDDBB91F276A3AF300B17DE0 /* UserData.swift in Sources */,
				FDDBB91A276A3A3C00B17DE0 /* CurrenciesView.swift in Sources */,
				FDADC27C276AFD0F00938E57 /* CurrenciesViewModel.swift in Sources */,
				FDADC273276A446C00938E57 /* View+Extension.swift in Sources */,
				FDDBB921276A3B3A00B17DE0 /* Market.swift in Sources */,
				FDADC292276B5CCF00938E57 /* MarketForCurrencyDetailedViewModel.swift in Sources */,
				FDDBB91C276A3A4E00B17DE0 /* FavoritesView.swift in Sources */,
				FDDBB92C276A3D6700B17DE0 /* NetworkManagerAsync.swift in Sources */,
				FDDBB923276A3B9B00B17DE0 /* Exchange.swift in Sources */,
				FDADC28E276B5C8200938E57 /* MarketsForCurrencySectionView.swift in Sources */,
				FDADC287276B1E5C00938E57 /* MarketForExchangeDetailedViewModel.swift in Sources */,
				FDDBB916276A3A1100B17DE0 /* MainView.swift in Sources */,
				FDADC282276B1DD400938E57 /* MarketsForExchangeSectionView.swift in Sources */,
				FDDBB8EC276A39E400B17DE0 /* CryptoInPocketApp.swift in Sources */,
				FDADC27E276AFD2C00938E57 /* DetailedCurrencyView.swift in Sources */,
				FDDBB918276A3A3100B17DE0 /* ExchangesView.swift in Sources */,
			);
			runOnlyForDeploymentPostprocessing = 0;
		};
		FDDBB8F4276A39E700B17DE0 /* Sources */ = {
			isa = PBXSourcesBuildPhase;
			buildActionMask = 2147483647;
			files = (
				FDDBB8FD276A39E700B17DE0 /* CryptoInPocketTests.swift in Sources */,
			);
			runOnlyForDeploymentPostprocessing = 0;
		};
		FDDBB8FE276A39E700B17DE0 /* Sources */ = {
			isa = PBXSourcesBuildPhase;
			buildActionMask = 2147483647;
			files = (
				FDDBB909276A39E700B17DE0 /* CryptoInPocketUITestsLaunchTests.swift in Sources */,
				FDDBB907276A39E700B17DE0 /* CryptoInPocketUITests.swift in Sources */,
			);
			runOnlyForDeploymentPostprocessing = 0;
		};
/* End PBXSourcesBuildPhase section */

/* Begin PBXTargetDependency section */
		FDDBB8FA276A39E700B17DE0 /* PBXTargetDependency */ = {
			isa = PBXTargetDependency;
			target = FDDBB8E7276A39E400B17DE0 /* CryptoInPocket */;
			targetProxy = FDDBB8F9276A39E700B17DE0 /* PBXContainerItemProxy */;
		};
		FDDBB904276A39E700B17DE0 /* PBXTargetDependency */ = {
			isa = PBXTargetDependency;
			target = FDDBB8E7276A39E400B17DE0 /* CryptoInPocket */;
			targetProxy = FDDBB903276A39E700B17DE0 /* PBXContainerItemProxy */;
		};
/* End PBXTargetDependency section */

/* Begin XCBuildConfiguration section */
		FDDBB90A276A39E700B17DE0 /* Debug */ = {
			isa = XCBuildConfiguration;
			buildSettings = {
				ALWAYS_SEARCH_USER_PATHS = NO;
				CLANG_ANALYZER_NONNULL = YES;
				CLANG_ANALYZER_NUMBER_OBJECT_CONVERSION = YES_AGGRESSIVE;
				CLANG_CXX_LANGUAGE_STANDARD = "gnu++17";
				CLANG_CXX_LIBRARY = "libc++";
				CLANG_ENABLE_MODULES = YES;
				CLANG_ENABLE_OBJC_ARC = YES;
				CLANG_ENABLE_OBJC_WEAK = YES;
				CLANG_WARN_BLOCK_CAPTURE_AUTORELEASING = YES;
				CLANG_WARN_BOOL_CONVERSION = YES;
				CLANG_WARN_COMMA = YES;
				CLANG_WARN_CONSTANT_CONVERSION = YES;
				CLANG_WARN_DEPRECATED_OBJC_IMPLEMENTATIONS = YES;
				CLANG_WARN_DIRECT_OBJC_ISA_USAGE = YES_ERROR;
				CLANG_WARN_DOCUMENTATION_COMMENTS = YES;
				CLANG_WARN_EMPTY_BODY = YES;
				CLANG_WARN_ENUM_CONVERSION = YES;
				CLANG_WARN_INFINITE_RECURSION = YES;
				CLANG_WARN_INT_CONVERSION = YES;
				CLANG_WARN_NON_LITERAL_NULL_CONVERSION = YES;
				CLANG_WARN_OBJC_IMPLICIT_RETAIN_SELF = YES;
				CLANG_WARN_OBJC_LITERAL_CONVERSION = YES;
				CLANG_WARN_OBJC_ROOT_CLASS = YES_ERROR;
				CLANG_WARN_QUOTED_INCLUDE_IN_FRAMEWORK_HEADER = YES;
				CLANG_WARN_RANGE_LOOP_ANALYSIS = YES;
				CLANG_WARN_STRICT_PROTOTYPES = YES;
				CLANG_WARN_SUSPICIOUS_MOVE = YES;
				CLANG_WARN_UNGUARDED_AVAILABILITY = YES_AGGRESSIVE;
				CLANG_WARN_UNREACHABLE_CODE = YES;
				CLANG_WARN__DUPLICATE_METHOD_MATCH = YES;
				COPY_PHASE_STRIP = NO;
				DEBUG_INFORMATION_FORMAT = dwarf;
				ENABLE_STRICT_OBJC_MSGSEND = YES;
				ENABLE_TESTABILITY = YES;
				GCC_C_LANGUAGE_STANDARD = gnu11;
				GCC_DYNAMIC_NO_PIC = NO;
				GCC_NO_COMMON_BLOCKS = YES;
				GCC_OPTIMIZATION_LEVEL = 0;
				GCC_PREPROCESSOR_DEFINITIONS = (
					"DEBUG=1",
					"$(inherited)",
				);
				GCC_WARN_64_TO_32_BIT_CONVERSION = YES;
				GCC_WARN_ABOUT_RETURN_TYPE = YES_ERROR;
				GCC_WARN_UNDECLARED_SELECTOR = YES;
				GCC_WARN_UNINITIALIZED_AUTOS = YES_AGGRESSIVE;
				GCC_WARN_UNUSED_FUNCTION = YES;
				GCC_WARN_UNUSED_VARIABLE = YES;
				IPHONEOS_DEPLOYMENT_TARGET = 15.2;
				MTL_ENABLE_DEBUG_INFO = INCLUDE_SOURCE;
				MTL_FAST_MATH = YES;
				ONLY_ACTIVE_ARCH = YES;
				SDKROOT = iphoneos;
				SWIFT_ACTIVE_COMPILATION_CONDITIONS = DEBUG;
				SWIFT_OPTIMIZATION_LEVEL = "-Onone";
			};
			name = Debug;
		};
		FDDBB90B276A39E700B17DE0 /* Release */ = {
			isa = XCBuildConfiguration;
			buildSettings = {
				ALWAYS_SEARCH_USER_PATHS = NO;
				CLANG_ANALYZER_NONNULL = YES;
				CLANG_ANALYZER_NUMBER_OBJECT_CONVERSION = YES_AGGRESSIVE;
				CLANG_CXX_LANGUAGE_STANDARD = "gnu++17";
				CLANG_CXX_LIBRARY = "libc++";
				CLANG_ENABLE_MODULES = YES;
				CLANG_ENABLE_OBJC_ARC = YES;
				CLANG_ENABLE_OBJC_WEAK = YES;
				CLANG_WARN_BLOCK_CAPTURE_AUTORELEASING = YES;
				CLANG_WARN_BOOL_CONVERSION = YES;
				CLANG_WARN_COMMA = YES;
				CLANG_WARN_CONSTANT_CONVERSION = YES;
				CLANG_WARN_DEPRECATED_OBJC_IMPLEMENTATIONS = YES;
				CLANG_WARN_DIRECT_OBJC_ISA_USAGE = YES_ERROR;
				CLANG_WARN_DOCUMENTATION_COMMENTS = YES;
				CLANG_WARN_EMPTY_BODY = YES;
				CLANG_WARN_ENUM_CONVERSION = YES;
				CLANG_WARN_INFINITE_RECURSION = YES;
				CLANG_WARN_INT_CONVERSION = YES;
				CLANG_WARN_NON_LITERAL_NULL_CONVERSION = YES;
				CLANG_WARN_OBJC_IMPLICIT_RETAIN_SELF = YES;
				CLANG_WARN_OBJC_LITERAL_CONVERSION = YES;
				CLANG_WARN_OBJC_ROOT_CLASS = YES_ERROR;
				CLANG_WARN_QUOTED_INCLUDE_IN_FRAMEWORK_HEADER = YES;
				CLANG_WARN_RANGE_LOOP_ANALYSIS = YES;
				CLANG_WARN_STRICT_PROTOTYPES = YES;
				CLANG_WARN_SUSPICIOUS_MOVE = YES;
				CLANG_WARN_UNGUARDED_AVAILABILITY = YES_AGGRESSIVE;
				CLANG_WARN_UNREACHABLE_CODE = YES;
				CLANG_WARN__DUPLICATE_METHOD_MATCH = YES;
				COPY_PHASE_STRIP = NO;
				DEBUG_INFORMATION_FORMAT = "dwarf-with-dsym";
				ENABLE_NS_ASSERTIONS = NO;
				ENABLE_STRICT_OBJC_MSGSEND = YES;
				GCC_C_LANGUAGE_STANDARD = gnu11;
				GCC_NO_COMMON_BLOCKS = YES;
				GCC_WARN_64_TO_32_BIT_CONVERSION = YES;
				GCC_WARN_ABOUT_RETURN_TYPE = YES_ERROR;
				GCC_WARN_UNDECLARED_SELECTOR = YES;
				GCC_WARN_UNINITIALIZED_AUTOS = YES_AGGRESSIVE;
				GCC_WARN_UNUSED_FUNCTION = YES;
				GCC_WARN_UNUSED_VARIABLE = YES;
				IPHONEOS_DEPLOYMENT_TARGET = 15.2;
				MTL_ENABLE_DEBUG_INFO = NO;
				MTL_FAST_MATH = YES;
				SDKROOT = iphoneos;
				SWIFT_COMPILATION_MODE = wholemodule;
				SWIFT_OPTIMIZATION_LEVEL = "-O";
				VALIDATE_PRODUCT = YES;
			};
			name = Release;
		};
		FDDBB90D276A39E700B17DE0 /* Debug */ = {
			isa = XCBuildConfiguration;
			buildSettings = {
				ASSETCATALOG_COMPILER_APPICON_NAME = AppIcon;
				ASSETCATALOG_COMPILER_GLOBAL_ACCENT_COLOR_NAME = AccentColor;
				CODE_SIGN_STYLE = Automatic;
				CURRENT_PROJECT_VERSION = 1;
				DEVELOPMENT_ASSET_PATHS = "\"CryptoInPocket/Preview Content\"";
				DEVELOPMENT_TEAM = 93336KV4Q7;
				ENABLE_PREVIEWS = YES;
				GENERATE_INFOPLIST_FILE = YES;
				INFOPLIST_KEY_UIApplicationSceneManifest_Generation = YES;
				INFOPLIST_KEY_UIApplicationSupportsIndirectInputEvents = YES;
				INFOPLIST_KEY_UILaunchScreen_Generation = YES;
				INFOPLIST_KEY_UISupportedInterfaceOrientations_iPad = "UIInterfaceOrientationPortrait UIInterfaceOrientationPortraitUpsideDown UIInterfaceOrientationLandscapeLeft UIInterfaceOrientationLandscapeRight";
				INFOPLIST_KEY_UISupportedInterfaceOrientations_iPhone = "UIInterfaceOrientationPortrait UIInterfaceOrientationLandscapeLeft UIInterfaceOrientationLandscapeRight";
				LD_RUNPATH_SEARCH_PATHS = (
					"$(inherited)",
					"@executable_path/Frameworks",
				);
				MARKETING_VERSION = 1.0;
				PRODUCT_BUNDLE_IDENTIFIER = com.nadzeya.shpakouskaya.CryptoInPocket;
				PRODUCT_NAME = "$(TARGET_NAME)";
				SWIFT_EMIT_LOC_STRINGS = YES;
				SWIFT_VERSION = 5.0;
				TARGETED_DEVICE_FAMILY = "1,2";
			};
			name = Debug;
		};
		FDDBB90E276A39E700B17DE0 /* Release */ = {
			isa = XCBuildConfiguration;
			buildSettings = {
				ASSETCATALOG_COMPILER_APPICON_NAME = AppIcon;
				ASSETCATALOG_COMPILER_GLOBAL_ACCENT_COLOR_NAME = AccentColor;
				CODE_SIGN_STYLE = Automatic;
				CURRENT_PROJECT_VERSION = 1;
				DEVELOPMENT_ASSET_PATHS = "\"CryptoInPocket/Preview Content\"";
				DEVELOPMENT_TEAM = 93336KV4Q7;
				ENABLE_PREVIEWS = YES;
				GENERATE_INFOPLIST_FILE = YES;
				INFOPLIST_KEY_UIApplicationSceneManifest_Generation = YES;
				INFOPLIST_KEY_UIApplicationSupportsIndirectInputEvents = YES;
				INFOPLIST_KEY_UILaunchScreen_Generation = YES;
				INFOPLIST_KEY_UISupportedInterfaceOrientations_iPad = "UIInterfaceOrientationPortrait UIInterfaceOrientationPortraitUpsideDown UIInterfaceOrientationLandscapeLeft UIInterfaceOrientationLandscapeRight";
				INFOPLIST_KEY_UISupportedInterfaceOrientations_iPhone = "UIInterfaceOrientationPortrait UIInterfaceOrientationLandscapeLeft UIInterfaceOrientationLandscapeRight";
				LD_RUNPATH_SEARCH_PATHS = (
					"$(inherited)",
					"@executable_path/Frameworks",
				);
				MARKETING_VERSION = 1.0;
				PRODUCT_BUNDLE_IDENTIFIER = com.nadzeya.shpakouskaya.CryptoInPocket;
				PRODUCT_NAME = "$(TARGET_NAME)";
				SWIFT_EMIT_LOC_STRINGS = YES;
				SWIFT_VERSION = 5.0;
				TARGETED_DEVICE_FAMILY = "1,2";
			};
			name = Release;
		};
		FDDBB910276A39E700B17DE0 /* Debug */ = {
			isa = XCBuildConfiguration;
			buildSettings = {
				ALWAYS_EMBED_SWIFT_STANDARD_LIBRARIES = YES;
				BUNDLE_LOADER = "$(TEST_HOST)";
				CODE_SIGN_STYLE = Automatic;
				CURRENT_PROJECT_VERSION = 1;
				DEVELOPMENT_TEAM = 93336KV4Q7;
				GENERATE_INFOPLIST_FILE = YES;
				IPHONEOS_DEPLOYMENT_TARGET = 15.2;
				MARKETING_VERSION = 1.0;
				PRODUCT_BUNDLE_IDENTIFIER = com.nadzeya.shpakouskaya.CryptoInPocketTests;
				PRODUCT_NAME = "$(TARGET_NAME)";
				SWIFT_EMIT_LOC_STRINGS = NO;
				SWIFT_VERSION = 5.0;
				TARGETED_DEVICE_FAMILY = "1,2";
				TEST_HOST = "$(BUILT_PRODUCTS_DIR)/CryptoInPocket.app/CryptoInPocket";
			};
			name = Debug;
		};
		FDDBB911276A39E700B17DE0 /* Release */ = {
			isa = XCBuildConfiguration;
			buildSettings = {
				ALWAYS_EMBED_SWIFT_STANDARD_LIBRARIES = YES;
				BUNDLE_LOADER = "$(TEST_HOST)";
				CODE_SIGN_STYLE = Automatic;
				CURRENT_PROJECT_VERSION = 1;
				DEVELOPMENT_TEAM = 93336KV4Q7;
				GENERATE_INFOPLIST_FILE = YES;
				IPHONEOS_DEPLOYMENT_TARGET = 15.2;
				MARKETING_VERSION = 1.0;
				PRODUCT_BUNDLE_IDENTIFIER = com.nadzeya.shpakouskaya.CryptoInPocketTests;
				PRODUCT_NAME = "$(TARGET_NAME)";
				SWIFT_EMIT_LOC_STRINGS = NO;
				SWIFT_VERSION = 5.0;
				TARGETED_DEVICE_FAMILY = "1,2";
				TEST_HOST = "$(BUILT_PRODUCTS_DIR)/CryptoInPocket.app/CryptoInPocket";
			};
			name = Release;
		};
		FDDBB913276A39E700B17DE0 /* Debug */ = {
			isa = XCBuildConfiguration;
			buildSettings = {
				ALWAYS_EMBED_SWIFT_STANDARD_LIBRARIES = YES;
				CODE_SIGN_STYLE = Automatic;
				CURRENT_PROJECT_VERSION = 1;
				DEVELOPMENT_TEAM = 93336KV4Q7;
				GENERATE_INFOPLIST_FILE = YES;
				MARKETING_VERSION = 1.0;
				PRODUCT_BUNDLE_IDENTIFIER = com.nadzeya.shpakouskaya.CryptoInPocketUITests;
				PRODUCT_NAME = "$(TARGET_NAME)";
				SWIFT_EMIT_LOC_STRINGS = NO;
				SWIFT_VERSION = 5.0;
				TARGETED_DEVICE_FAMILY = "1,2";
				TEST_TARGET_NAME = CryptoInPocket;
			};
			name = Debug;
		};
		FDDBB914276A39E700B17DE0 /* Release */ = {
			isa = XCBuildConfiguration;
			buildSettings = {
				ALWAYS_EMBED_SWIFT_STANDARD_LIBRARIES = YES;
				CODE_SIGN_STYLE = Automatic;
				CURRENT_PROJECT_VERSION = 1;
				DEVELOPMENT_TEAM = 93336KV4Q7;
				GENERATE_INFOPLIST_FILE = YES;
				MARKETING_VERSION = 1.0;
				PRODUCT_BUNDLE_IDENTIFIER = com.nadzeya.shpakouskaya.CryptoInPocketUITests;
				PRODUCT_NAME = "$(TARGET_NAME)";
				SWIFT_EMIT_LOC_STRINGS = NO;
				SWIFT_VERSION = 5.0;
				TARGETED_DEVICE_FAMILY = "1,2";
				TEST_TARGET_NAME = CryptoInPocket;
			};
			name = Release;
		};
/* End XCBuildConfiguration section */

/* Begin XCConfigurationList section */
		FDDBB8E3276A39E400B17DE0 /* Build configuration list for PBXProject "CryptoInPocket" */ = {
			isa = XCConfigurationList;
			buildConfigurations = (
				FDDBB90A276A39E700B17DE0 /* Debug */,
				FDDBB90B276A39E700B17DE0 /* Release */,
			);
			defaultConfigurationIsVisible = 0;
			defaultConfigurationName = Release;
		};
		FDDBB90C276A39E700B17DE0 /* Build configuration list for PBXNativeTarget "CryptoInPocket" */ = {
			isa = XCConfigurationList;
			buildConfigurations = (
				FDDBB90D276A39E700B17DE0 /* Debug */,
				FDDBB90E276A39E700B17DE0 /* Release */,
			);
			defaultConfigurationIsVisible = 0;
			defaultConfigurationName = Release;
		};
		FDDBB90F276A39E700B17DE0 /* Build configuration list for PBXNativeTarget "CryptoInPocketTests" */ = {
			isa = XCConfigurationList;
			buildConfigurations = (
				FDDBB910276A39E700B17DE0 /* Debug */,
				FDDBB911276A39E700B17DE0 /* Release */,
			);
			defaultConfigurationIsVisible = 0;
			defaultConfigurationName = Release;
		};
		FDDBB912276A39E700B17DE0 /* Build configuration list for PBXNativeTarget "CryptoInPocketUITests" */ = {
			isa = XCConfigurationList;
			buildConfigurations = (
				FDDBB913276A39E700B17DE0 /* Debug */,
				FDDBB914276A39E700B17DE0 /* Release */,
			);
			defaultConfigurationIsVisible = 0;
			defaultConfigurationName = Release;
		};
/* End XCConfigurationList section */
	};
	rootObject = FDDBB8E0276A39E400B17DE0 /* Project object */;
}
